
Microsoft Visual Studio Solution File, Format Version 12.00
# Visual Studio 14
VisualStudioVersion = 14.0.25420.1
MinimumVisualStudioVersion = 10.0.40219.1
Project("{FAE04EC0-301F-11D3-BF4B-00C04F79EFBC}") = "LibUsbDotNet", "LibWinUsb\LibUsbDotNet.csproj", "{0A78F6FF-5586-4052-8104-E23FF83A7CE1}"
EndProject
Project("{FAE04EC0-301F-11D3-BF4B-00C04F79EFBC}") = "FineOffset.WeatherStation", "FineOffset.WeatherStation\FineOffset.WeatherStation.csproj", "{75C20EE5-70F2-4F9C-AD99-F2B7F64636C0}"
EndProject
Project("{FAE04EC0-301F-11D3-BF4B-00C04F79EFBC}") = "HIDmgrLib", "HIDmgrLib\HIDmgrLib.csproj", "{F6BEB096-9341-49E2-964E-0C1DB1AE2DE6}"
EndProject
Global
	GlobalSection(SolutionConfigurationPlatforms) = preSolution
		Debug|Any CPU = Debug|Any CPU
		Debug|x86 = Debug|x86
		Release|Any CPU = Release|Any CPU
		Release|x86 = Release|x86
	EndGlobalSection
	GlobalSection(ProjectConfigurationPlatforms) = postSolution
		{0A78F6FF-5586-4052-8104-E23FF83A7CE1}.Debug|Any CPU.ActiveCfg = Debug|Any CPU
		{0A78F6FF-5586-4052-8104-E23FF83A7CE1}.Debug|Any CPU.Build.0 = Debug|Any CPU
		{0A78F6FF-5586-4052-8104-E23FF83A7CE1}.Debug|x86.ActiveCfg = Debug|x86
		{0A78F6FF-5586-4052-8104-E23FF83A7CE1}.Debug|x86.Build.0 = Debug|x86
		{0A78F6FF-5586-4052-8104-E23FF83A7CE1}.Release|Any CPU.ActiveCfg = Release|Any CPU
		{0A78F6FF-5586-4052-8104-E23FF83A7CE1}.Release|Any CPU.Build.0 = Release|Any CPU
		{0A78F6FF-5586-4052-8104-E23FF83A7CE1}.Release|x86.ActiveCfg = Release|x86
		{0A78F6FF-5586-4052-8104-E23FF83A7CE1}.Release|x86.Build.0 = Release|x86
		{75C20EE5-70F2-4F9C-AD99-F2B7F64636C0}.Debug|Any CPU.ActiveCfg = Debug|Any CPU
		{75C20EE5-70F2-4F9C-AD99-F2B7F64636C0}.Debug|Any CPU.Build.0 = Debug|Any CPU
		{75C20EE5-70F2-4F9C-AD99-F2B7F64636C0}.Debug|x86.ActiveCfg = Debug|Any CPU
		{75C20EE5-70F2-4F9C-AD99-F2B7F64636C0}.Debug|x86.Build.0 = Debug|Any CPU
		{75C20EE5-70F2-4F9C-AD99-F2B7F64636C0}.Release|Any CPU.ActiveCfg = Release|Any CPU
		{75C20EE5-70F2-4F9C-AD99-F2B7F64636C0}.Release|Any CPU.Build.0 = Release|Any CPU
		{75C20EE5-70F2-4F9C-AD99-F2B7F64636C0}.Release|x86.ActiveCfg = Release|Any CPU
		{75C20EE5-70F2-4F9C-AD99-F2B7F64636C0}.Release|x86.Build.0 = Release|Any CPU
		{F6BEB096-9341-49E2-964E-0C1DB1AE2DE6}.Debug|Any CPU.ActiveCfg = Debug|Any CPU
		{F6BEB096-9341-49E2-964E-0C1DB1AE2DE6}.Debug|Any CPU.Build.0 = Debug|Any CPU
		{F6BEB096-9341-49E2-964E-0C1DB1AE2DE6}.Debug|x86.ActiveCfg = Debug|Any CPU
		{F6BEB096-9341-49E2-964E-0C1DB1AE2DE6}.Debug|x86.Build.0 = Debug|Any CPU
		{F6BEB096-9341-49E2-964E-0C1DB1AE2DE6}.Release|Any CPU.ActiveCfg = Release|Any CPU
		{F6BEB096-9341-49E2-964E-0C1DB1AE2DE6}.Release|Any CPU.Build.0 = Release|Any CPU
		{F6BEB096-9341-49E2-964E-0C1DB1AE2DE6}.Release|x86.ActiveCfg = Release|Any CPU
		{F6BEB096-9341-49E2-964E-0C1DB1AE2DE6}.Release|x86.Build.0 = Release|Any CPU
	EndGlobalSection
	GlobalSection(SolutionProperties) = preSolution
		HideSolutionNode = FALSE
	EndGlobalSection
EndGlobal
